
Microsoft Visual Studio Solution File, Format Version 12.00
# Visual Studio Version 16
VisualStudioVersion = 16.0.30413.136
MinimumVisualStudioVersion = 10.0.40219.1
Project("{FAE04EC0-301F-11D3-BF4B-00C04F79EFBC}") = "WindowsFormsApp1", "WindowsFormsApp1\WindowsFormsApp1.csproj", "{EE8B1492-C557-45DA-AB3E-690D7F4A163A}"
EndProject
Global
	GlobalSection(SolutionConfigurationPlatforms) = preSolution
		Debug|Any CPU = Debug|Any CPU
		Release|Any CPU = Release|Any CPU
	EndGlobalSection
	GlobalSection(ProjectConfigurationPlatforms) = postSolution
		{EE8B1492-C557-45DA-AB3E-690D7F4A163A}.Debug|Any CPU.ActiveCfg = Debug|Any CPU
		{EE8B1492-C557-45DA-AB3E-690D7F4A163A}.Debug|Any CPU.Build.0 = Debug|Any CPU
		{EE8B1492-C557-45DA-AB3E-690D7F4A163A}.Release|Any CPU.ActiveCfg = Release|Any CPU
		{EE8B1492-C557-45DA-AB3E-690D7F4A163A}.Release|Any CPU.Build.0 = Release|Any CPU
	EndGlobalSection
	GlobalSection(SolutionProperties) = preSolution
		HideSolutionNode = FALSE
	EndGlobalSection
	GlobalSection(ExtensibilityGlobals) = postSolution
		SolutionGuid = {55A0E65D-1197-4BF6-BA96-4C8A64019CAB}
	EndGlobalSection
EndGlobal
